
Microsoft Visual Studio Solution File, Format Version 12.00
# Visual Studio 14
VisualStudioVersion = 14.0.25420.1
MinimumVisualStudioVersion = 10.0.40219.1
Project("{FAE04EC0-301F-11D3-BF4B-00C04F79EFBC}") = "Provaders.DAL", "Provaders.DAL\Provaders.DAL.csproj", "{AC8E022C-27E0-417E-8998-AF800BB12363}"
EndProject
Project("{FAE04EC0-301F-11D3-BF4B-00C04F79EFBC}") = "KakNibudCA", "KakNibudCA\KakNibudCA.csproj", "{D0333E4B-91F8-4C55-9181-2181646CBAA6}"
EndProject
Global
	GlobalSection(SolutionConfigurationPlatforms) = preSolution
		Debug|Any CPU = Debug|Any CPU
		Release|Any CPU = Release|Any CPU
	EndGlobalSection
	GlobalSection(ProjectConfigurationPlatforms) = postSolution
		{AC8E022C-27E0-417E-8998-AF800BB12363}.Debug|Any CPU.ActiveCfg = Debug|Any CPU
		{AC8E022C-27E0-417E-8998-AF800BB12363}.Debug|Any CPU.Build.0 = Debug|Any CPU
		{AC8E022C-27E0-417E-8998-AF800BB12363}.Release|Any CPU.ActiveCfg = Release|Any CPU
		{AC8E022C-27E0-417E-8998-AF800BB12363}.Release|Any CPU.Build.0 = Release|Any CPU
		{D0333E4B-91F8-4C55-9181-2181646CBAA6}.Debug|Any CPU.ActiveCfg = Debug|Any CPU
		{D0333E4B-91F8-4C55-9181-2181646CBAA6}.Debug|Any CPU.Build.0 = Debug|Any CPU
		{D0333E4B-91F8-4C55-9181-2181646CBAA6}.Release|Any CPU.ActiveCfg = Release|Any CPU
		{D0333E4B-91F8-4C55-9181-2181646CBAA6}.Release|Any CPU.Build.0 = Release|Any CPU
	EndGlobalSection
	GlobalSection(SolutionProperties) = preSolution
		HideSolutionNode = FALSE
	EndGlobalSection
EndGlobal
